// !$*UTF8*$!
{
	archiveVersion = 1;
	classes = {
	};
	objectVersion = 55;
	objects = {

/* Begin PBXBuildFile section */
		A074AF1A28CFF7D100914D1A /* AppDelegate.swift in Sources */ = {isa = PBXBuildFile; fileRef = A074AF1928CFF7D100914D1A /* AppDelegate.swift */; };
		A074AF1C28CFF7D100914D1A /* SceneDelegate.swift in Sources */ = {isa = PBXBuildFile; fileRef = A074AF1B28CFF7D100914D1A /* SceneDelegate.swift */; };
		A074AF1E28CFF7D100914D1A /* ScreenAViewController.swift in Sources */ = {isa = PBXBuildFile; fileRef = A074AF1D28CFF7D100914D1A /* ScreenAViewController.swift */; };
		A074AF2328CFF7D200914D1A /* Assets.xcassets in Resources */ = {isa = PBXBuildFile; fileRef = A074AF2228CFF7D200914D1A /* Assets.xcassets */; };
		A074AF2628CFF7D200914D1A /* LaunchScreen.storyboard in Resources */ = {isa = PBXBuildFile; fileRef = A074AF2428CFF7D200914D1A /* LaunchScreen.storyboard */; };
		A074AF2E28D004B900914D1A /* ScreenAView.swift in Sources */ = {isa = PBXBuildFile; fileRef = A074AF2D28D004B900914D1A /* ScreenAView.swift */; };
		A074AF3E28D13BE100914D1A /* ScreenBViewController.swift in Sources */ = {isa = PBXBuildFile; fileRef = A074AF3D28D13BE100914D1A /* ScreenBViewController.swift */; };
		A074AF4028D13D2F00914D1A /* ScreenBView.swift in Sources */ = {isa = PBXBuildFile; fileRef = A074AF3F28D13D2F00914D1A /* ScreenBView.swift */; };
		A074AF4328D5427700914D1A /* ScreenCViewController.swift in Sources */ = {isa = PBXBuildFile; fileRef = A074AF4228D5427700914D1A /* ScreenCViewController.swift */; };
		A074AF4528D5428300914D1A /* ScreenCView.swift in Sources */ = {isa = PBXBuildFile; fileRef = A074AF4428D5428300914D1A /* ScreenCView.swift */; };
		A074AF4C28D63C5200914D1A /* ViewMOdel.swift in Sources */ = {isa = PBXBuildFile; fileRef = A074AF4B28D63C5200914D1A /* ViewMOdel.swift */; };
		A074AF5128D63CBF00914D1A /* ScreenBViewModel.swift in Sources */ = {isa = PBXBuildFile; fileRef = A074AF5028D63CBF00914D1A /* ScreenBViewModel.swift */; };
		A074AF5628D63D1100914D1A /* ScreenAViewModel.swift in Sources */ = {isa = PBXBuildFile; fileRef = A074AF5528D63D1100914D1A /* ScreenAViewModel.swift */; };
		A54815A91E31C24212C7CCDB /* Pods_MVVM_Coordinator.framework in Frameworks */ = {isa = PBXBuildFile; fileRef = 8E6C78E2CA483FA3385CF414 /* Pods_MVVM_Coordinator.framework */; };
/* End PBXBuildFile section */

/* Begin PBXFileReference section */
		8E6C78E2CA483FA3385CF414 /* Pods_MVVM_Coordinator.framework */ = {isa = PBXFileReference; explicitFileType = wrapper.framework; includeInIndex = 0; path = Pods_MVVM_Coordinator.framework; sourceTree = BUILT_PRODUCTS_DIR; };
		A074AF1628CFF7D100914D1A /* MVVM+Coordinator.app */ = {isa = PBXFileReference; explicitFileType = wrapper.application; includeInIndex = 0; path = "MVVM+Coordinator.app"; sourceTree = BUILT_PRODUCTS_DIR; };
		A074AF1928CFF7D100914D1A /* AppDelegate.swift */ = {isa = PBXFileReference; lastKnownFileType = sourcecode.swift; path = AppDelegate.swift; sourceTree = "<group>"; };
		A074AF1B28CFF7D100914D1A /* SceneDelegate.swift */ = {isa = PBXFileReference; lastKnownFileType = sourcecode.swift; path = SceneDelegate.swift; sourceTree = "<group>"; };
		A074AF1D28CFF7D100914D1A /* ScreenAViewController.swift */ = {isa = PBXFileReference; lastKnownFileType = sourcecode.swift; path = ScreenAViewController.swift; sourceTree = "<group>"; };
		A074AF2228CFF7D200914D1A /* Assets.xcassets */ = {isa = PBXFileReference; lastKnownFileType = folder.assetcatalog; path = Assets.xcassets; sourceTree = "<group>"; };
		A074AF2528CFF7D200914D1A /* Base */ = {isa = PBXFileReference; lastKnownFileType = file.storyboard; name = Base; path = Base.lproj/LaunchScreen.storyboard; sourceTree = "<group>"; };
		A074AF2728CFF7D200914D1A /* Info.plist */ = {isa = PBXFileReference; lastKnownFileType = text.plist.xml; path = Info.plist; sourceTree = "<group>"; };
		A074AF2D28D004B900914D1A /* ScreenAView.swift */ = {isa = PBXFileReference; lastKnownFileType = sourcecode.swift; path = ScreenAView.swift; sourceTree = "<group>"; };
		A074AF3D28D13BE100914D1A /* ScreenBViewController.swift */ = {isa = PBXFileReference; lastKnownFileType = sourcecode.swift; path = ScreenBViewController.swift; sourceTree = "<group>"; };
		A074AF3F28D13D2F00914D1A /* ScreenBView.swift */ = {isa = PBXFileReference; lastKnownFileType = sourcecode.swift; path = ScreenBView.swift; sourceTree = "<group>"; };
		A074AF4228D5427700914D1A /* ScreenCViewController.swift */ = {isa = PBXFileReference; lastKnownFileType = sourcecode.swift; path = ScreenCViewController.swift; sourceTree = "<group>"; };
		A074AF4428D5428300914D1A /* ScreenCView.swift */ = {isa = PBXFileReference; lastKnownFileType = sourcecode.swift; path = ScreenCView.swift; sourceTree = "<group>"; };
		A074AF4B28D63C5200914D1A /* ViewMOdel.swift */ = {isa = PBXFileReference; lastKnownFileType = sourcecode.swift; path = ViewMOdel.swift; sourceTree = "<group>"; };
		A074AF5028D63CBF00914D1A /* ScreenBViewModel.swift */ = {isa = PBXFileReference; lastKnownFileType = sourcecode.swift; path = ScreenBViewModel.swift; sourceTree = "<group>"; };
		A074AF5528D63D1100914D1A /* ScreenAViewModel.swift */ = {isa = PBXFileReference; lastKnownFileType = sourcecode.swift; path = ScreenAViewModel.swift; sourceTree = "<group>"; };
		F14EB6EE3DC42958E8052070 /* Pods-MVVM+Coordinator.debug.xcconfig */ = {isa = PBXFileReference; includeInIndex = 1; lastKnownFileType = text.xcconfig; name = "Pods-MVVM+Coordinator.debug.xcconfig"; path = "Target Support Files/Pods-MVVM+Coordinator/Pods-MVVM+Coordinator.debug.xcconfig"; sourceTree = "<group>"; };
		F2268D2416E1D08C59C53BE0 /* Pods-MVVM+Coordinator.release.xcconfig */ = {isa = PBXFileReference; includeInIndex = 1; lastKnownFileType = text.xcconfig; name = "Pods-MVVM+Coordinator.release.xcconfig"; path = "Target Support Files/Pods-MVVM+Coordinator/Pods-MVVM+Coordinator.release.xcconfig"; sourceTree = "<group>"; };
/* End PBXFileReference section */

/* Begin PBXFrameworksBuildPhase section */
		A074AF1328CFF7D100914D1A /* Frameworks */ = {
			isa = PBXFrameworksBuildPhase;
			buildActionMask = 2147483647;
			files = (
				A54815A91E31C24212C7CCDB /* Pods_MVVM_Coordinator.framework in Frameworks */,
			);
			runOnlyForDeploymentPostprocessing = 0;
		};
/* End PBXFrameworksBuildPhase section */

/* Begin PBXGroup section */
		A074AF0D28CFF7D100914D1A = {
			isa = PBXGroup;
			children = (
				A074AF1828CFF7D100914D1A /* MVVM+Coordinator */,
				A074AF1728CFF7D100914D1A /* Products */,
				DF700C6D7478E3F6494BC370 /* Pods */,
				DA542FE41F2A7CC57C8AD925 /* Frameworks */,
			);
			sourceTree = "<group>";
		};
		A074AF1728CFF7D100914D1A /* Products */ = {
			isa = PBXGroup;
			children = (
				A074AF1628CFF7D100914D1A /* MVVM+Coordinator.app */,
			);
			name = Products;
			sourceTree = "<group>";
		};
		A074AF1828CFF7D100914D1A /* MVVM+Coordinator */ = {
			isa = PBXGroup;
			children = (
				A074AF4128D5426500914D1A /* Screen C */,
				A074AF3C28D13BA700914D1A /* Screen B */,
				A074AF3B28D13B7B00914D1A /* Screen A */,
				A074AF1928CFF7D100914D1A /* AppDelegate.swift */,
				A074AF1B28CFF7D100914D1A /* SceneDelegate.swift */,
				A074AF2228CFF7D200914D1A /* Assets.xcassets */,
				A074AF2428CFF7D200914D1A /* LaunchScreen.storyboard */,
				A074AF2728CFF7D200914D1A /* Info.plist */,
			);
			path = "MVVM+Coordinator";
			sourceTree = "<group>";
		};
		A074AF3B28D13B7B00914D1A /* Screen A */ = {
			isa = PBXGroup;
			children = (
				A074AF5428D63CF900914D1A /* ViewModel */,
				A074AF5328D63CF200914D1A /* Controller */,
				A074AF5228D63CEC00914D1A /* View */,
			);
			path = "Screen A";
			sourceTree = "<group>";
		};
		A074AF3C28D13BA700914D1A /* Screen B */ = {
			isa = PBXGroup;
			children = (
				A074AF4F28D63CA200914D1A /* ViewModel */,
				A074AF4E28D63C9A00914D1A /* View */,
				A074AF4D28D63C7F00914D1A /* Controller */,
			);
			path = "Screen B";
			sourceTree = "<group>";
		};
		A074AF4128D5426500914D1A /* Screen C */ = {
			isa = PBXGroup;
			children = (
				A074AF4828D63C2A00914D1A /* ViewModel */,
				A074AF4728D63C2100914D1A /* View */,
				A074AF4628D63C1300914D1A /* Controller */,
			);
			path = "Screen C";
			sourceTree = "<group>";
		};
		A074AF4628D63C1300914D1A /* Controller */ = {
			isa = PBXGroup;
			children = (
				A074AF4228D5427700914D1A /* ScreenCViewController.swift */,
			);
			path = Controller;
			sourceTree = "<group>";
		};
		A074AF4728D63C2100914D1A /* View */ = {
			isa = PBXGroup;
			children = (
				A074AF4428D5428300914D1A /* ScreenCView.swift */,
			);
			path = View;
			sourceTree = "<group>";
		};
		A074AF4828D63C2A00914D1A /* ViewModel */ = {
			isa = PBXGroup;
			children = (
				A074AF4B28D63C5200914D1A /* ViewMOdel.swift */,
			);
			path = ViewModel;
			sourceTree = "<group>";
		};
		A074AF4D28D63C7F00914D1A /* Controller */ = {
			isa = PBXGroup;
			children = (
				A074AF3D28D13BE100914D1A /* ScreenBViewController.swift */,
			);
			path = Controller;
			sourceTree = "<group>";
		};
		A074AF4E28D63C9A00914D1A /* View */ = {
			isa = PBXGroup;
			children = (
				A074AF3F28D13D2F00914D1A /* ScreenBView.swift */,
			);
			path = View;
			sourceTree = "<group>";
		};
		A074AF4F28D63CA200914D1A /* ViewModel */ = {
			isa = PBXGroup;
			children = (
				A074AF5028D63CBF00914D1A /* ScreenBViewModel.swift */,
			);
			path = ViewModel;
			sourceTree = "<group>";
		};
		A074AF5228D63CEC00914D1A /* View */ = {
			isa = PBXGroup;
			children = (
				A074AF2D28D004B900914D1A /* ScreenAView.swift */,
			);
			path = View;
			sourceTree = "<group>";
		};
		A074AF5328D63CF200914D1A /* Controller */ = {
			isa = PBXGroup;
			children = (
				A074AF1D28CFF7D100914D1A /* ScreenAViewController.swift */,
			);
			path = Controller;
			sourceTree = "<group>";
		};
		A074AF5428D63CF900914D1A /* ViewModel */ = {
			isa = PBXGroup;
			children = (
				A074AF5528D63D1100914D1A /* ScreenAViewModel.swift */,
			);
			path = ViewModel;
			sourceTree = "<group>";
		};
		DA542FE41F2A7CC57C8AD925 /* Frameworks */ = {
			isa = PBXGroup;
			children = (
				8E6C78E2CA483FA3385CF414 /* Pods_MVVM_Coordinator.framework */,
			);
			name = Frameworks;
			sourceTree = "<group>";
		};
		DF700C6D7478E3F6494BC370 /* Pods */ = {
			isa = PBXGroup;
			children = (
				F14EB6EE3DC42958E8052070 /* Pods-MVVM+Coordinator.debug.xcconfig */,
				F2268D2416E1D08C59C53BE0 /* Pods-MVVM+Coordinator.release.xcconfig */,
			);
			path = Pods;
			sourceTree = "<group>";
		};
/* End PBXGroup section */

/* Begin PBXNativeTarget section */
		A074AF1528CFF7D100914D1A /* MVVM+Coordinator */ = {
			isa = PBXNativeTarget;
			buildConfigurationList = A074AF2A28CFF7D200914D1A /* Build configuration list for PBXNativeTarget "MVVM+Coordinator" */;
			buildPhases = (
				5D7B9E085B26235FF1F1EFEB /* [CP] Check Pods Manifest.lock */,
				A074AF1228CFF7D100914D1A /* Sources */,
				A074AF1328CFF7D100914D1A /* Frameworks */,
				A074AF1428CFF7D100914D1A /* Resources */,
				974A8C6A2113508878F9BE00 /* [CP] Embed Pods Frameworks */,
			);
			buildRules = (
			);
			dependencies = (
			);
			name = "MVVM+Coordinator";
			productName = "MVVM+Coordinator";
			productReference = A074AF1628CFF7D100914D1A /* MVVM+Coordinator.app */;
			productType = "com.apple.product-type.application";
		};
/* End PBXNativeTarget section */

/* Begin PBXProject section */
		A074AF0E28CFF7D100914D1A /* Project object */ = {
			isa = PBXProject;
			attributes = {
				BuildIndependentTargetsInParallel = 1;
				LastSwiftUpdateCheck = 1340;
				LastUpgradeCheck = 1340;
				TargetAttributes = {
					A074AF1528CFF7D100914D1A = {
						CreatedOnToolsVersion = 13.4.1;
					};
				};
			};
			buildConfigurationList = A074AF1128CFF7D100914D1A /* Build configuration list for PBXProject "MVVM+Coordinator" */;
			compatibilityVersion = "Xcode 13.0";
			developmentRegion = en;
			hasScannedForEncodings = 0;
			knownRegions = (
				en,
				Base,
			);
			mainGroup = A074AF0D28CFF7D100914D1A;
			productRefGroup = A074AF1728CFF7D100914D1A /* Products */;
			projectDirPath = "";
			projectRoot = "";
			targets = (
				A074AF1528CFF7D100914D1A /* MVVM+Coordinator */,
			);
		};
/* End PBXProject section */

/* Begin PBXResourcesBuildPhase section */
		A074AF1428CFF7D100914D1A /* Resources */ = {
			isa = PBXResourcesBuildPhase;
			buildActionMask = 2147483647;
			files = (
				A074AF2628CFF7D200914D1A /* LaunchScreen.storyboard in Resources */,
				A074AF2328CFF7D200914D1A /* Assets.xcassets in Resources */,
			);
			runOnlyForDeploymentPostprocessing = 0;
		};
/* End PBXResourcesBuildPhase section */

/* Begin PBXShellScriptBuildPhase section */
		5D7B9E085B26235FF1F1EFEB /* [CP] Check Pods Manifest.lock */ = {
			isa = PBXShellScriptBuildPhase;
			buildActionMask = 2147483647;
			files = (
			);
			inputFileListPaths = (
			);
			inputPaths = (
				"${PODS_PODFILE_DIR_PATH}/Podfile.lock",
				"${PODS_ROOT}/Manifest.lock",
			);
			name = "[CP] Check Pods Manifest.lock";
			outputFileListPaths = (
			);
			outputPaths = (
				"$(DERIVED_FILE_DIR)/Pods-MVVM+Coordinator-checkManifestLockResult.txt",
			);
			runOnlyForDeploymentPostprocessing = 0;
			shellPath = /bin/sh;
			shellScript = "diff \"${PODS_PODFILE_DIR_PATH}/Podfile.lock\" \"${PODS_ROOT}/Manifest.lock\" > /dev/null\nif [ $? != 0 ] ; then\n    # print error to STDERR\n    echo \"error: The sandbox is not in sync with the Podfile.lock. Run 'pod install' or update your CocoaPods installation.\" >&2\n    exit 1\nfi\n# This output is used by Xcode 'outputs' to avoid re-running this script phase.\necho \"SUCCESS\" > \"${SCRIPT_OUTPUT_FILE_0}\"\n";
			showEnvVarsInLog = 0;
		};
		974A8C6A2113508878F9BE00 /* [CP] Embed Pods Frameworks */ = {
			isa = PBXShellScriptBuildPhase;
			buildActionMask = 2147483647;
			files = (
			);
			inputFileListPaths = (
				"${PODS_ROOT}/Target Support Files/Pods-MVVM+Coordinator/Pods-MVVM+Coordinator-frameworks-${CONFIGURATION}-input-files.xcfilelist",
			);
			name = "[CP] Embed Pods Frameworks";
			outputFileListPaths = (
				"${PODS_ROOT}/Target Support Files/Pods-MVVM+Coordinator/Pods-MVVM+Coordinator-frameworks-${CONFIGURATION}-output-files.xcfilelist",
			);
			runOnlyForDeploymentPostprocessing = 0;
			shellPath = /bin/sh;
			shellScript = "\"${PODS_ROOT}/Target Support Files/Pods-MVVM+Coordinator/Pods-MVVM+Coordinator-frameworks.sh\"\n";
			showEnvVarsInLog = 0;
		};
/* End PBXShellScriptBuildPhase section */

/* Begin PBXSourcesBuildPhase section */
		A074AF1228CFF7D100914D1A /* Sources */ = {
			isa = PBXSourcesBuildPhase;
			buildActionMask = 2147483647;
			files = (
				A074AF5628D63D1100914D1A /* ScreenAViewModel.swift in Sources */,
				A074AF4C28D63C5200914D1A /* ViewMOdel.swift in Sources */,
				A074AF1E28CFF7D100914D1A /* ScreenAViewController.swift in Sources */,
				A074AF1A28CFF7D100914D1A /* AppDelegate.swift in Sources */,
				A074AF5128D63CBF00914D1A /* ScreenBViewModel.swift in Sources */,
				A074AF4528D5428300914D1A /* ScreenCView.swift in Sources */,
				A074AF2E28D004B900914D1A /* ScreenAView.swift in Sources */,
				A074AF4028D13D2F00914D1A /* ScreenBView.swift in Sources */,
				A074AF1C28CFF7D100914D1A /* SceneDelegate.swift in Sources */,
				A074AF3E28D13BE100914D1A /* ScreenBViewController.swift in Sources */,
				A074AF4328D5427700914D1A /* ScreenCViewController.swift in Sources */,
			);
			runOnlyForDeploymentPostprocessing = 0;
		};
/* End PBXSourcesBuildPhase section */

/* Begin PBXVariantGroup section */
		A074AF2428CFF7D200914D1A /* LaunchScreen.storyboard */ = {
			isa = PBXVariantGroup;
			children = (
				A074AF2528CFF7D200914D1A /* Base */,
			);
			name = LaunchScreen.storyboard;
			sourceTree = "<group>";
		};
/* End PBXVariantGroup section */

/* Begin XCBuildConfiguration section */
		A074AF2828CFF7D200914D1A /* Debug */ = {
			isa = XCBuildConfiguration;
			buildSettings = {
				ALWAYS_SEARCH_USER_PATHS = NO;
				CLANG_ANALYZER_NONNULL = YES;
				CLANG_ANALYZER_NUMBER_OBJECT_CONVERSION = YES_AGGRESSIVE;
				CLANG_CXX_LANGUAGE_STANDARD = "gnu++17";
				CLANG_ENABLE_MODULES = YES;
				CLANG_ENABLE_OBJC_ARC = YES;
				CLANG_ENABLE_OBJC_WEAK = YES;
				CLANG_WARN_BLOCK_CAPTURE_AUTORELEASING = YES;
				CLANG_WARN_BOOL_CONVERSION = YES;
				CLANG_WARN_COMMA = YES;
				CLANG_WARN_CONSTANT_CONVERSION = YES;
				CLANG_WARN_DEPRECATED_OBJC_IMPLEMENTATIONS = YES;
				CLANG_WARN_DIRECT_OBJC_ISA_USAGE = YES_ERROR;
				CLANG_WARN_DOCUMENTATION_COMMENTS = YES;
				CLANG_WARN_EMPTY_BODY = YES;
				CLANG_WARN_ENUM_CONVERSION = YES;
				CLANG_WARN_INFINITE_RECURSION = YES;
				CLANG_WARN_INT_CONVERSION = YES;
				CLANG_WARN_NON_LITERAL_NULL_CONVERSION = YES;
				CLANG_WARN_OBJC_IMPLICIT_RETAIN_SELF = YES;
				CLANG_WARN_OBJC_LITERAL_CONVERSION = YES;
				CLANG_WARN_OBJC_ROOT_CLASS = YES_ERROR;
				CLANG_WARN_QUOTED_INCLUDE_IN_FRAMEWORK_HEADER = YES;
				CLANG_WARN_RANGE_LOOP_ANALYSIS = YES;
				CLANG_WARN_STRICT_PROTOTYPES = YES;
				CLANG_WARN_SUSPICIOUS_MOVE = YES;
				CLANG_WARN_UNGUARDED_AVAILABILITY = YES_AGGRESSIVE;
				CLANG_WARN_UNREACHABLE_CODE = YES;
				CLANG_WARN__DUPLICATE_METHOD_MATCH = YES;
				COPY_PHASE_STRIP = NO;
				DEBUG_INFORMATION_FORMAT = dwarf;
				ENABLE_STRICT_OBJC_MSGSEND = YES;
				ENABLE_TESTABILITY = YES;
				GCC_C_LANGUAGE_STANDARD = gnu11;
				GCC_DYNAMIC_NO_PIC = NO;
				GCC_NO_COMMON_BLOCKS = YES;
				GCC_OPTIMIZATION_LEVEL = 0;
				GCC_PREPROCESSOR_DEFINITIONS = (
					"DEBUG=1",
					"$(inherited)",
				);
				GCC_WARN_64_TO_32_BIT_CONVERSION = YES;
				GCC_WARN_ABOUT_RETURN_TYPE = YES_ERROR;
				GCC_WARN_UNDECLARED_SELECTOR = YES;
				GCC_WARN_UNINITIALIZED_AUTOS = YES_AGGRESSIVE;
				GCC_WARN_UNUSED_FUNCTION = YES;
				GCC_WARN_UNUSED_VARIABLE = YES;
				IPHONEOS_DEPLOYMENT_TARGET = 15.5;
				MTL_ENABLE_DEBUG_INFO = INCLUDE_SOURCE;
				MTL_FAST_MATH = YES;
				ONLY_ACTIVE_ARCH = YES;
				SDKROOT = iphoneos;
				SWIFT_ACTIVE_COMPILATION_CONDITIONS = DEBUG;
				SWIFT_OPTIMIZATION_LEVEL = "-Onone";
			};
			name = Debug;
		};
		A074AF2928CFF7D200914D1A /* Release */ = {
			isa = XCBuildConfiguration;
			buildSettings = {
				ALWAYS_SEARCH_USER_PATHS = NO;
				CLANG_ANALYZER_NONNULL = YES;
				CLANG_ANALYZER_NUMBER_OBJECT_CONVERSION = YES_AGGRESSIVE;
				CLANG_CXX_LANGUAGE_STANDARD = "gnu++17";
				CLANG_ENABLE_MODULES = YES;
				CLANG_ENABLE_OBJC_ARC = YES;
				CLANG_ENABLE_OBJC_WEAK = YES;
				CLANG_WARN_BLOCK_CAPTURE_AUTORELEASING = YES;
				CLANG_WARN_BOOL_CONVERSION = YES;
				CLANG_WARN_COMMA = YES;
				CLANG_WARN_CONSTANT_CONVERSION = YES;
				CLANG_WARN_DEPRECATED_OBJC_IMPLEMENTATIONS = YES;
				CLANG_WARN_DIRECT_OBJC_ISA_USAGE = YES_ERROR;
				CLANG_WARN_DOCUMENTATION_COMMENTS = YES;
				CLANG_WARN_EMPTY_BODY = YES;
				CLANG_WARN_ENUM_CONVERSION = YES;
				CLANG_WARN_INFINITE_RECURSION = YES;
				CLANG_WARN_INT_CONVERSION = YES;
				CLANG_WARN_NON_LITERAL_NULL_CONVERSION = YES;
				CLANG_WARN_OBJC_IMPLICIT_RETAIN_SELF = YES;
				CLANG_WARN_OBJC_LITERAL_CONVERSION = YES;
				CLANG_WARN_OBJC_ROOT_CLASS = YES_ERROR;
				CLANG_WARN_QUOTED_INCLUDE_IN_FRAMEWORK_HEADER = YES;
				CLANG_WARN_RANGE_LOOP_ANALYSIS = YES;
				CLANG_WARN_STRICT_PROTOTYPES = YES;
				CLANG_WARN_SUSPICIOUS_MOVE = YES;
				CLANG_WARN_UNGUARDED_AVAILABILITY = YES_AGGRESSIVE;
				CLANG_WARN_UNREACHABLE_CODE = YES;
				CLANG_WARN__DUPLICATE_METHOD_MATCH = YES;
				COPY_PHASE_STRIP = NO;
				DEBUG_INFORMATION_FORMAT = "dwarf-with-dsym";
				ENABLE_NS_ASSERTIONS = NO;
				ENABLE_STRICT_OBJC_MSGSEND = YES;
				GCC_C_LANGUAGE_STANDARD = gnu11;
				GCC_NO_COMMON_BLOCKS = YES;
				GCC_WARN_64_TO_32_BIT_CONVERSION = YES;
				GCC_WARN_ABOUT_RETURN_TYPE = YES_ERROR;
				GCC_WARN_UNDECLARED_SELECTOR = YES;
				GCC_WARN_UNINITIALIZED_AUTOS = YES_AGGRESSIVE;
				GCC_WARN_UNUSED_FUNCTION = YES;
				GCC_WARN_UNUSED_VARIABLE = YES;
				IPHONEOS_DEPLOYMENT_TARGET = 15.5;
				MTL_ENABLE_DEBUG_INFO = NO;
				MTL_FAST_MATH = YES;
				SDKROOT = iphoneos;
				SWIFT_COMPILATION_MODE = wholemodule;
				SWIFT_OPTIMIZATION_LEVEL = "-O";
				VALIDATE_PRODUCT = YES;
			};
			name = Release;
		};
		A074AF2B28CFF7D200914D1A /* Debug */ = {
			isa = XCBuildConfiguration;
			baseConfigurationReference = F14EB6EE3DC42958E8052070 /* Pods-MVVM+Coordinator.debug.xcconfig */;
			buildSettings = {
				ASSETCATALOG_COMPILER_APPICON_NAME = AppIcon;
				ASSETCATALOG_COMPILER_GLOBAL_ACCENT_COLOR_NAME = AccentColor;
				CODE_SIGN_STYLE = Automatic;
				CURRENT_PROJECT_VERSION = 1;
				DEVELOPMENT_TEAM = X79FL938BW;
				GENERATE_INFOPLIST_FILE = YES;
				INFOPLIST_FILE = "MVVM+Coordinator/Info.plist";
				INFOPLIST_KEY_UIApplicationSupportsIndirectInputEvents = YES;
				INFOPLIST_KEY_UILaunchStoryboardName = LaunchScreen;
				INFOPLIST_KEY_UISupportedInterfaceOrientations_iPad = "UIInterfaceOrientationPortrait UIInterfaceOrientationPortraitUpsideDown UIInterfaceOrientationLandscapeLeft UIInterfaceOrientationLandscapeRight";
				INFOPLIST_KEY_UISupportedInterfaceOrientations_iPhone = "UIInterfaceOrientationPortrait UIInterfaceOrientationLandscapeLeft UIInterfaceOrientationLandscapeRight";
				LD_RUNPATH_SEARCH_PATHS = (
					"$(inherited)",
					"@executable_path/Frameworks",
				);
				MARKETING_VERSION = 1.0;
				PRODUCT_BUNDLE_IDENTIFIER = "com.yagocomy.MVVM-Coordinator";
				PRODUCT_NAME = "$(TARGET_NAME)";
				SWIFT_EMIT_LOC_STRINGS = YES;
				SWIFT_VERSION = 5.0;
				TARGETED_DEVICE_FAMILY = 1;
			};
			name = Debug;
		};
		A074AF2C28CFF7D200914D1A /* Release */ = {
			isa = XCBuildConfiguration;
			baseConfigurationReference = F2268D2416E1D08C59C53BE0 /* Pods-MVVM+Coordinator.release.xcconfig */;
			buildSettings = {
				ASSETCATALOG_COMPILER_APPICON_NAME = AppIcon;
				ASSETCATALOG_COMPILER_GLOBAL_ACCENT_COLOR_NAME = AccentColor;
				CODE_SIGN_STYLE = Automatic;
				CURRENT_PROJECT_VERSION = 1;
				DEVELOPMENT_TEAM = X79FL938BW;
				GENERATE_INFOPLIST_FILE = YES;
				INFOPLIST_FILE = "MVVM+Coordinator/Info.plist";
				INFOPLIST_KEY_UIApplicationSupportsIndirectInputEvents = YES;
				INFOPLIST_KEY_UILaunchStoryboardName = LaunchScreen;
				INFOPLIST_KEY_UISupportedInterfaceOrientations_iPad = "UIInterfaceOrientationPortrait UIInterfaceOrientationPortraitUpsideDown UIInterfaceOrientationLandscapeLeft UIInterfaceOrientationLandscapeRight";
				INFOPLIST_KEY_UISupportedInterfaceOrientations_iPhone = "UIInterfaceOrientationPortrait UIInterfaceOrientationLandscapeLeft UIInterfaceOrientationLandscapeRight";
				LD_RUNPATH_SEARCH_PATHS = (
					"$(inherited)",
					"@executable_path/Frameworks",
				);
				MARKETING_VERSION = 1.0;
				PRODUCT_BUNDLE_IDENTIFIER = "com.yagocomy.MVVM-Coordinator";
				PRODUCT_NAME = "$(TARGET_NAME)";
				SWIFT_EMIT_LOC_STRINGS = YES;
				SWIFT_VERSION = 5.0;
				TARGETED_DEVICE_FAMILY = 1;
			};
			name = Release;
		};
/* End XCBuildConfiguration section */

/* Begin XCConfigurationList section */
		A074AF1128CFF7D100914D1A /* Build configuration list for PBXProject "MVVM+Coordinator" */ = {
			isa = XCConfigurationList;
			buildConfigurations = (
				A074AF2828CFF7D200914D1A /* Debug */,
				A074AF2928CFF7D200914D1A /* Release */,
			);
			defaultConfigurationIsVisible = 0;
			defaultConfigurationName = Release;
		};
		A074AF2A28CFF7D200914D1A /* Build configuration list for PBXNativeTarget "MVVM+Coordinator" */ = {
			isa = XCConfigurationList;
			buildConfigurations = (
				A074AF2B28CFF7D200914D1A /* Debug */,
				A074AF2C28CFF7D200914D1A /* Release */,
			);
			defaultConfigurationIsVisible = 0;
			defaultConfigurationName = Release;
		};
/* End XCConfigurationList section */
	};
	rootObject = A074AF0E28CFF7D100914D1A /* Project object */;
}
